
Microsoft Visual Studio Solution File, Format Version 12.00
# Visual Studio Version 16
VisualStudioVersion = 25.0.1706.7
MinimumVisualStudioVersion = 10.0.40219.1
Project("{FAE04EC0-301F-11D3-BF4B-00C04F79EFBC}") = "MVC_WebApplication", "MVC_WebApplication\MVC_WebApplication.csproj", "{93601C58-C080-4332-BF12-63FA0389BAAF}"
EndProject
Project("{FAE04EC0-301F-11D3-BF4B-00C04F79EFBC}") = "Library1", "Library1\Library1.csproj", "{D44025A1-BAFC-4378-ACA9-0C9385144D2A}"
EndProject
Global
	GlobalSection(SolutionConfigurationPlatforms) = preSolution
		Debug|Any CPU = Debug|Any CPU
		Release|Any CPU = Release|Any CPU
	EndGlobalSection
	GlobalSection(ProjectConfigurationPlatforms) = postSolution
		{93601C58-C080-4332-BF12-63FA0389BAAF}.Debug|Any CPU.ActiveCfg = Debug|Any CPU
		{93601C58-C080-4332-BF12-63FA0389BAAF}.Debug|Any CPU.Build.0 = Debug|Any CPU
		{93601C58-C080-4332-BF12-63FA0389BAAF}.Release|Any CPU.ActiveCfg = Release|Any CPU
		{93601C58-C080-4332-BF12-63FA0389BAAF}.Release|Any CPU.Build.0 = Release|Any CPU
		{D44025A1-BAFC-4378-ACA9-0C9385144D2A}.Debug|Any CPU.ActiveCfg = Debug|Any CPU
		{D44025A1-BAFC-4378-ACA9-0C9385144D2A}.Debug|Any CPU.Build.0 = Debug|Any CPU
		{D44025A1-BAFC-4378-ACA9-0C9385144D2A}.Release|Any CPU.ActiveCfg = Release|Any CPU
		{D44025A1-BAFC-4378-ACA9-0C9385144D2A}.Release|Any CPU.Build.0 = Release|Any CPU
	EndGlobalSection
	GlobalSection(SolutionProperties) = preSolution
		HideSolutionNode = FALSE
	EndGlobalSection
	GlobalSection(ExtensibilityGlobals) = postSolution
		SolutionGuid = {F9845FDF-E2AF-49C5-A41D-E3A341D4DCD6}
	EndGlobalSection
EndGlobal
